
Microsoft Visual Studio Solution File, Format Version 12.00
# Visual Studio Version 16
VisualStudioVersion = 16.0.31424.327
MinimumVisualStudioVersion = 10.0.40219.1
Project("{FAE04EC0-301F-11D3-BF4B-00C04F79EFBC}") = "SpeechSample.UI", "SpeechSample.UI\SpeechSample.UI.csproj", "{CCC89796-2F2C-4001-8845-BC7AA36B12AB}"
EndProject
Project("{FAE04EC0-301F-11D3-BF4B-00C04F79EFBC}") = "SpeechSample.Services", "SpeechSample.Services\SpeechSample.Services.csproj", "{00A50628-EBC4-40D1-9725-D1DA5DDB4C73}"
EndProject
Project("{FAE04EC0-301F-11D3-BF4B-00C04F79EFBC}") = "SpeechSample.Models", "SpeechSample.Models\SpeechSample.Models.csproj", "{A412BB56-4A8E-452F-83FB-330FB85CB577}"
EndProject
Global
	GlobalSection(SolutionConfigurationPlatforms) = preSolution
		Debug|Any CPU = Debug|Any CPU
		Release|Any CPU = Release|Any CPU
	EndGlobalSection
	GlobalSection(ProjectConfigurationPlatforms) = postSolution
		{CCC89796-2F2C-4001-8845-BC7AA36B12AB}.Debug|Any CPU.ActiveCfg = Debug|Any CPU
		{CCC89796-2F2C-4001-8845-BC7AA36B12AB}.Debug|Any CPU.Build.0 = Debug|Any CPU
		{CCC89796-2F2C-4001-8845-BC7AA36B12AB}.Release|Any CPU.ActiveCfg = Release|Any CPU
		{CCC89796-2F2C-4001-8845-BC7AA36B12AB}.Release|Any CPU.Build.0 = Release|Any CPU
		{00A50628-EBC4-40D1-9725-D1DA5DDB4C73}.Debug|Any CPU.ActiveCfg = Debug|Any CPU
		{00A50628-EBC4-40D1-9725-D1DA5DDB4C73}.Debug|Any CPU.Build.0 = Debug|Any CPU
		{00A50628-EBC4-40D1-9725-D1DA5DDB4C73}.Release|Any CPU.ActiveCfg = Release|Any CPU
		{00A50628-EBC4-40D1-9725-D1DA5DDB4C73}.Release|Any CPU.Build.0 = Release|Any CPU
		{A412BB56-4A8E-452F-83FB-330FB85CB577}.Debug|Any CPU.ActiveCfg = Debug|Any CPU
		{A412BB56-4A8E-452F-83FB-330FB85CB577}.Debug|Any CPU.Build.0 = Debug|Any CPU
		{A412BB56-4A8E-452F-83FB-330FB85CB577}.Release|Any CPU.ActiveCfg = Release|Any CPU
		{A412BB56-4A8E-452F-83FB-330FB85CB577}.Release|Any CPU.Build.0 = Release|Any CPU
	EndGlobalSection
	GlobalSection(SolutionProperties) = preSolution
		HideSolutionNode = FALSE
	EndGlobalSection
	GlobalSection(ExtensibilityGlobals) = postSolution
		SolutionGuid = {34969DF5-785B-4288-BBAF-D3D0D11BF0EE}
	EndGlobalSection
EndGlobal
